
Microsoft Visual Studio Solution File, Format Version 12.00
Project("{FAE04EC0-301F-11D3-BF4B-00C04F79EFBC}") = "PrvaKonzolnaAplikacija", "PrvaKonzolnaAplikacija\PrvaKonzolnaAplikacija.csproj", "{FB328821-A631-4D7C-BE83-6777F338817D}"
EndProject
Global
	GlobalSection(SolutionConfigurationPlatforms) = preSolution
		Debug|Any CPU = Debug|Any CPU
		Release|Any CPU = Release|Any CPU
	EndGlobalSection
	GlobalSection(ProjectConfigurationPlatforms) = postSolution
		{FB328821-A631-4D7C-BE83-6777F338817D}.Debug|Any CPU.ActiveCfg = Debug|Any CPU
		{FB328821-A631-4D7C-BE83-6777F338817D}.Debug|Any CPU.Build.0 = Debug|Any CPU
		{FB328821-A631-4D7C-BE83-6777F338817D}.Release|Any CPU.ActiveCfg = Release|Any CPU
		{FB328821-A631-4D7C-BE83-6777F338817D}.Release|Any CPU.Build.0 = Release|Any CPU
	EndGlobalSection
EndGlobal
